
Microsoft Visual Studio Solution File, Format Version 12.00
Project("{FAE04EC0-301F-11D3-BF4B-00C04F79EFBC}") = "Api", "Api\Api.csproj", "{C68461F2-2C8C-4D6A-A694-441671B14EEE}"
EndProject
Project("{FAE04EC0-301F-11D3-BF4B-00C04F79EFBC}") = "Core", "Core\Core.csproj", "{DFD730CA-1D77-45F7-9B78-81B5B4B5EE9D}"
EndProject
Project("{FAE04EC0-301F-11D3-BF4B-00C04F79EFBC}") = "Repository", "Repository\Repository.csproj", "{FA733990-8DE5-4B94-A510-21EE0A8B30D6}"
EndProject
Project("{FAE04EC0-301F-11D3-BF4B-00C04F79EFBC}") = "Repository", "Repository\Repository.csproj", "{FA733990-8DE5-4B94-A510-21EE0A8B30D6}"
EndProject
Global
	GlobalSection(SolutionConfigurationPlatforms) = preSolution
		Debug|Any CPU = Debug|Any CPU
		Release|Any CPU = Release|Any CPU
	EndGlobalSection
	GlobalSection(ProjectConfigurationPlatforms) = postSolution
		{C68461F2-2C8C-4D6A-A694-441671B14EEE}.Debug|Any CPU.ActiveCfg = Debug|Any CPU
		{C68461F2-2C8C-4D6A-A694-441671B14EEE}.Debug|Any CPU.Build.0 = Debug|Any CPU
		{C68461F2-2C8C-4D6A-A694-441671B14EEE}.Release|Any CPU.ActiveCfg = Release|Any CPU
		{C68461F2-2C8C-4D6A-A694-441671B14EEE}.Release|Any CPU.Build.0 = Release|Any CPU
		{DFD730CA-1D77-45F7-9B78-81B5B4B5EE9D}.Debug|Any CPU.ActiveCfg = Debug|Any CPU
		{DFD730CA-1D77-45F7-9B78-81B5B4B5EE9D}.Debug|Any CPU.Build.0 = Debug|Any CPU
		{DFD730CA-1D77-45F7-9B78-81B5B4B5EE9D}.Release|Any CPU.ActiveCfg = Release|Any CPU
		{DFD730CA-1D77-45F7-9B78-81B5B4B5EE9D}.Release|Any CPU.Build.0 = Release|Any CPU
		{FA733990-8DE5-4B94-A510-21EE0A8B30D6}.Debug|Any CPU.ActiveCfg = Debug|Any CPU
		{FA733990-8DE5-4B94-A510-21EE0A8B30D6}.Debug|Any CPU.Build.0 = Debug|Any CPU
		{FA733990-8DE5-4B94-A510-21EE0A8B30D6}.Release|Any CPU.ActiveCfg = Release|Any CPU
		{FA733990-8DE5-4B94-A510-21EE0A8B30D6}.Release|Any CPU.Build.0 = Release|Any CPU
	EndGlobalSection
EndGlobal
