
Microsoft Visual Studio Solution File, Format Version 12.00
Project("{FAE04EC0-301F-11D3-BF4B-00C04F79EFBC}") = "Application", "Application\Application.csproj", "{C68461F2-2C8C-4D6A-A694-441671B14EEE}"
EndProject
Global
	GlobalSection(SolutionConfigurationPlatforms) = preSolution
		Debug|Any CPU = Debug|Any CPU
		Release|Any CPU = Release|Any CPU
	EndGlobalSection
	GlobalSection(ProjectConfigurationPlatforms) = postSolution
		{C68461F2-2C8C-4D6A-A694-441671B14EEE}.Debug|Any CPU.ActiveCfg = Debug|Any CPU
		{C68461F2-2C8C-4D6A-A694-441671B14EEE}.Debug|Any CPU.Build.0 = Debug|Any CPU
		{C68461F2-2C8C-4D6A-A694-441671B14EEE}.Release|Any CPU.ActiveCfg = Release|Any CPU
		{C68461F2-2C8C-4D6A-A694-441671B14EEE}.Release|Any CPU.Build.0 = Release|Any CPU
	EndGlobalSection
EndGlobal
